// !$*UTF8*$!
{
	archiveVersion = 1;
	classes = {
	};
	objectVersion = 50;
	objects = {

/* Begin PBXBuildFile section */
		5C145C33BDE9DDFBE2308AE7 /* Pods_ITNewsMatome.framework in Frameworks */ = {isa = PBXBuildFile; fileRef = 145940EFDAF965380CA1D942 /* Pods_ITNewsMatome.framework */; };
		6FAEBA3026D4905E001C962D /* AppDelegate.swift in Sources */ = {isa = PBXBuildFile; fileRef = 6FAEBA2F26D4905E001C962D /* AppDelegate.swift */; };
		6FAEBA3226D4905E001C962D /* SceneDelegate.swift in Sources */ = {isa = PBXBuildFile; fileRef = 6FAEBA3126D4905E001C962D /* SceneDelegate.swift */; };
		6FAEBA3426D4905E001C962D /* ViewController.swift in Sources */ = {isa = PBXBuildFile; fileRef = 6FAEBA3326D4905E001C962D /* ViewController.swift */; };
		6FAEBA3726D4905E001C962D /* Main.storyboard in Resources */ = {isa = PBXBuildFile; fileRef = 6FAEBA3526D4905E001C962D /* Main.storyboard */; };
		6FAEBA3926D49064001C962D /* Assets.xcassets in Resources */ = {isa = PBXBuildFile; fileRef = 6FAEBA3826D49064001C962D /* Assets.xcassets */; };
		6FAEBA3C26D49064001C962D /* LaunchScreen.storyboard in Resources */ = {isa = PBXBuildFile; fileRef = 6FAEBA3A26D49064001C962D /* LaunchScreen.storyboard */; };
/* End PBXBuildFile section */

/* Begin PBXFileReference section */
		145940EFDAF965380CA1D942 /* Pods_ITNewsMatome.framework */ = {isa = PBXFileReference; explicitFileType = wrapper.framework; includeInIndex = 0; path = Pods_ITNewsMatome.framework; sourceTree = BUILT_PRODUCTS_DIR; };
		2E1C16EC29C102C924D28FF2 /* Pods-ITNewsMatome.release.xcconfig */ = {isa = PBXFileReference; includeInIndex = 1; lastKnownFileType = text.xcconfig; name = "Pods-ITNewsMatome.release.xcconfig"; path = "Target Support Files/Pods-ITNewsMatome/Pods-ITNewsMatome.release.xcconfig"; sourceTree = "<group>"; };
		6FAEBA2C26D4905E001C962D /* ITNewsMatome.app */ = {isa = PBXFileReference; explicitFileType = wrapper.application; includeInIndex = 0; path = ITNewsMatome.app; sourceTree = BUILT_PRODUCTS_DIR; };
		6FAEBA2F26D4905E001C962D /* AppDelegate.swift */ = {isa = PBXFileReference; lastKnownFileType = sourcecode.swift; path = AppDelegate.swift; sourceTree = "<group>"; };
		6FAEBA3126D4905E001C962D /* SceneDelegate.swift */ = {isa = PBXFileReference; lastKnownFileType = sourcecode.swift; path = SceneDelegate.swift; sourceTree = "<group>"; };
		6FAEBA3326D4905E001C962D /* ViewController.swift */ = {isa = PBXFileReference; lastKnownFileType = sourcecode.swift; path = ViewController.swift; sourceTree = "<group>"; };
		6FAEBA3626D4905E001C962D /* Base */ = {isa = PBXFileReference; lastKnownFileType = file.storyboard; name = Base; path = Base.lproj/Main.storyboard; sourceTree = "<group>"; };
		6FAEBA3826D49064001C962D /* Assets.xcassets */ = {isa = PBXFileReference; lastKnownFileType = folder.assetcatalog; path = Assets.xcassets; sourceTree = "<group>"; };
		6FAEBA3B26D49064001C962D /* Base */ = {isa = PBXFileReference; lastKnownFileType = file.storyboard; name = Base; path = Base.lproj/LaunchScreen.storyboard; sourceTree = "<group>"; };
		6FAEBA3D26D49064001C962D /* Info.plist */ = {isa = PBXFileReference; lastKnownFileType = text.plist.xml; path = Info.plist; sourceTree = "<group>"; };
		7405CD1F32DE5B2C92025CD5 /* Pods-ITNewsMatome.debug.xcconfig */ = {isa = PBXFileReference; includeInIndex = 1; lastKnownFileType = text.xcconfig; name = "Pods-ITNewsMatome.debug.xcconfig"; path = "Target Support Files/Pods-ITNewsMatome/Pods-ITNewsMatome.debug.xcconfig"; sourceTree = "<group>"; };
/* End PBXFileReference section */

/* Begin PBXFrameworksBuildPhase section */
		6FAEBA2926D4905E001C962D /* Frameworks */ = {
			isa = PBXFrameworksBuildPhase;
			buildActionMask = 2147483647;
			files = (
				5C145C33BDE9DDFBE2308AE7 /* Pods_ITNewsMatome.framework in Frameworks */,
			);
			runOnlyForDeploymentPostprocessing = 0;
		};
/* End PBXFrameworksBuildPhase section */

/* Begin PBXGroup section */
		045074AFA9A77B4F3B85D362 /* Pods */ = {
			isa = PBXGroup;
			children = (
				7405CD1F32DE5B2C92025CD5 /* Pods-ITNewsMatome.debug.xcconfig */,
				2E1C16EC29C102C924D28FF2 /* Pods-ITNewsMatome.release.xcconfig */,
			);
			name = Pods;
			path = Pods;
			sourceTree = "<group>";
		};
		6FAEBA2326D4905E001C962D = {
			isa = PBXGroup;
			children = (
				6FAEBA2E26D4905E001C962D /* ITNewsMatome */,
				6FAEBA2D26D4905E001C962D /* Products */,
				045074AFA9A77B4F3B85D362 /* Pods */,
				F6B6F82E957E7815C8530391 /* Frameworks */,
			);
			sourceTree = "<group>";
		};
		6FAEBA2D26D4905E001C962D /* Products */ = {
			isa = PBXGroup;
			children = (
				6FAEBA2C26D4905E001C962D /* ITNewsMatome.app */,
			);
			name = Products;
			sourceTree = "<group>";
		};
		6FAEBA2E26D4905E001C962D /* ITNewsMatome */ = {
			isa = PBXGroup;
			children = (
				6FAEBA2F26D4905E001C962D /* AppDelegate.swift */,
				6FAEBA3126D4905E001C962D /* SceneDelegate.swift */,
				6FAEBA3326D4905E001C962D /* ViewController.swift */,
				6FAEBA3526D4905E001C962D /* Main.storyboard */,
				6FAEBA3826D49064001C962D /* Assets.xcassets */,
				6FAEBA3A26D49064001C962D /* LaunchScreen.storyboard */,
				6FAEBA3D26D49064001C962D /* Info.plist */,
			);
			path = ITNewsMatome;
			sourceTree = "<group>";
		};
		F6B6F82E957E7815C8530391 /* Frameworks */ = {
			isa = PBXGroup;
			children = (
				145940EFDAF965380CA1D942 /* Pods_ITNewsMatome.framework */,
			);
			name = Frameworks;
			sourceTree = "<group>";
		};
/* End PBXGroup section */

/* Begin PBXNativeTarget section */
		6FAEBA2B26D4905E001C962D /* ITNewsMatome */ = {
			isa = PBXNativeTarget;
			buildConfigurationList = 6FAEBA4026D49064001C962D /* Build configuration list for PBXNativeTarget "ITNewsMatome" */;
			buildPhases = (
				C15579963679EAE5AF90EB6D /* [CP] Check Pods Manifest.lock */,
				6FAEBA2826D4905E001C962D /* Sources */,
				6FAEBA2926D4905E001C962D /* Frameworks */,
				6FAEBA2A26D4905E001C962D /* Resources */,
				7729240ED068B5626228E8F3 /* [CP] Embed Pods Frameworks */,
			);
			buildRules = (
			);
			dependencies = (
			);
			name = ITNewsMatome;
			productName = ITNewsMatome;
			productReference = 6FAEBA2C26D4905E001C962D /* ITNewsMatome.app */;
			productType = "com.apple.product-type.application";
		};
/* End PBXNativeTarget section */

/* Begin PBXProject section */
		6FAEBA2426D4905E001C962D /* Project object */ = {
			isa = PBXProject;
			attributes = {
				LastSwiftUpdateCheck = 1250;
				LastUpgradeCheck = 1250;
				TargetAttributes = {
					6FAEBA2B26D4905E001C962D = {
						CreatedOnToolsVersion = 12.5.1;
					};
				};
			};
			buildConfigurationList = 6FAEBA2726D4905E001C962D /* Build configuration list for PBXProject "ITNewsMatome" */;
			compatibilityVersion = "Xcode 9.3";
			developmentRegion = en;
			hasScannedForEncodings = 0;
			knownRegions = (
				en,
				Base,
			);
			mainGroup = 6FAEBA2326D4905E001C962D;
			productRefGroup = 6FAEBA2D26D4905E001C962D /* Products */;
			projectDirPath = "";
			projectRoot = "";
			targets = (
				6FAEBA2B26D4905E001C962D /* ITNewsMatome */,
			);
		};
/* End PBXProject section */

/* Begin PBXResourcesBuildPhase section */
		6FAEBA2A26D4905E001C962D /* Resources */ = {
			isa = PBXResourcesBuildPhase;
			buildActionMask = 2147483647;
			files = (
				6FAEBA3C26D49064001C962D /* LaunchScreen.storyboard in Resources */,
				6FAEBA3926D49064001C962D /* Assets.xcassets in Resources */,
				6FAEBA3726D4905E001C962D /* Main.storyboard in Resources */,
			);
			runOnlyForDeploymentPostprocessing = 0;
		};
/* End PBXResourcesBuildPhase section */

/* Begin PBXShellScriptBuildPhase section */
		7729240ED068B5626228E8F3 /* [CP] Embed Pods Frameworks */ = {
			isa = PBXShellScriptBuildPhase;
			buildActionMask = 2147483647;
			files = (
			);
			inputFileListPaths = (
				"${PODS_ROOT}/Target Support Files/Pods-ITNewsMatome/Pods-ITNewsMatome-frameworks-${CONFIGURATION}-input-files.xcfilelist",
			);
			name = "[CP] Embed Pods Frameworks";
			outputFileListPaths = (
				"${PODS_ROOT}/Target Support Files/Pods-ITNewsMatome/Pods-ITNewsMatome-frameworks-${CONFIGURATION}-output-files.xcfilelist",
			);
			runOnlyForDeploymentPostprocessing = 0;
			shellPath = /bin/sh;
			shellScript = "\"${PODS_ROOT}/Target Support Files/Pods-ITNewsMatome/Pods-ITNewsMatome-frameworks.sh\"\n";
			showEnvVarsInLog = 0;
		};
		C15579963679EAE5AF90EB6D /* [CP] Check Pods Manifest.lock */ = {
			isa = PBXShellScriptBuildPhase;
			buildActionMask = 2147483647;
			files = (
			);
			inputFileListPaths = (
			);
			inputPaths = (
				"${PODS_PODFILE_DIR_PATH}/Podfile.lock",
				"${PODS_ROOT}/Manifest.lock",
			);
			name = "[CP] Check Pods Manifest.lock";
			outputFileListPaths = (
			);
			outputPaths = (
				"$(DERIVED_FILE_DIR)/Pods-ITNewsMatome-checkManifestLockResult.txt",
			);
			runOnlyForDeploymentPostprocessing = 0;
			shellPath = /bin/sh;
			shellScript = "diff \"${PODS_PODFILE_DIR_PATH}/Podfile.lock\" \"${PODS_ROOT}/Manifest.lock\" > /dev/null\nif [ $? != 0 ] ; then\n    # print error to STDERR\n    echo \"error: The sandbox is not in sync with the Podfile.lock. Run 'pod install' or update your CocoaPods installation.\" >&2\n    exit 1\nfi\n# This output is used by Xcode 'outputs' to avoid re-running this script phase.\necho \"SUCCESS\" > \"${SCRIPT_OUTPUT_FILE_0}\"\n";
			showEnvVarsInLog = 0;
		};
/* End PBXShellScriptBuildPhase section */

/* Begin PBXSourcesBuildPhase section */
		6FAEBA2826D4905E001C962D /* Sources */ = {
			isa = PBXSourcesBuildPhase;
			buildActionMask = 2147483647;
			files = (
				6FAEBA3426D4905E001C962D /* ViewController.swift in Sources */,
				6FAEBA3026D4905E001C962D /* AppDelegate.swift in Sources */,
				6FAEBA3226D4905E001C962D /* SceneDelegate.swift in Sources */,
			);
			runOnlyForDeploymentPostprocessing = 0;
		};
/* End PBXSourcesBuildPhase section */

/* Begin PBXVariantGroup section */
		6FAEBA3526D4905E001C962D /* Main.storyboard */ = {
			isa = PBXVariantGroup;
			children = (
				6FAEBA3626D4905E001C962D /* Base */,
			);
			name = Main.storyboard;
			sourceTree = "<group>";
		};
		6FAEBA3A26D49064001C962D /* LaunchScreen.storyboard */ = {
			isa = PBXVariantGroup;
			children = (
				6FAEBA3B26D49064001C962D /* Base */,
			);
			name = LaunchScreen.storyboard;
			sourceTree = "<group>";
		};
/* End PBXVariantGroup section */

/* Begin XCBuildConfiguration section */
		6FAEBA3E26D49064001C962D /* Debug */ = {
			isa = XCBuildConfiguration;
			buildSettings = {
				ALWAYS_SEARCH_USER_PATHS = NO;
				CLANG_ANALYZER_NONNULL = YES;
				CLANG_ANALYZER_NUMBER_OBJECT_CONVERSION = YES_AGGRESSIVE;
				CLANG_CXX_LANGUAGE_STANDARD = "gnu++14";
				CLANG_CXX_LIBRARY = "libc++";
				CLANG_ENABLE_MODULES = YES;
				CLANG_ENABLE_OBJC_ARC = YES;
				CLANG_ENABLE_OBJC_WEAK = YES;
				CLANG_WARN_BLOCK_CAPTURE_AUTORELEASING = YES;
				CLANG_WARN_BOOL_CONVERSION = YES;
				CLANG_WARN_COMMA = YES;
				CLANG_WARN_CONSTANT_CONVERSION = YES;
				CLANG_WARN_DEPRECATED_OBJC_IMPLEMENTATIONS = YES;
				CLANG_WARN_DIRECT_OBJC_ISA_USAGE = YES_ERROR;
				CLANG_WARN_DOCUMENTATION_COMMENTS = YES;
				CLANG_WARN_EMPTY_BODY = YES;
				CLANG_WARN_ENUM_CONVERSION = YES;
				CLANG_WARN_INFINITE_RECURSION = YES;
				CLANG_WARN_INT_CONVERSION = YES;
				CLANG_WARN_NON_LITERAL_NULL_CONVERSION = YES;
				CLANG_WARN_OBJC_IMPLICIT_RETAIN_SELF = YES;
				CLANG_WARN_OBJC_LITERAL_CONVERSION = YES;
				CLANG_WARN_OBJC_ROOT_CLASS = YES_ERROR;
				CLANG_WARN_QUOTED_INCLUDE_IN_FRAMEWORK_HEADER = YES;
				CLANG_WARN_RANGE_LOOP_ANALYSIS = YES;
				CLANG_WARN_STRICT_PROTOTYPES = YES;
				CLANG_WARN_SUSPICIOUS_MOVE = YES;
				CLANG_WARN_UNGUARDED_AVAILABILITY = YES_AGGRESSIVE;
				CLANG_WARN_UNREACHABLE_CODE = YES;
				CLANG_WARN__DUPLICATE_METHOD_MATCH = YES;
				COPY_PHASE_STRIP = NO;
				DEBUG_INFORMATION_FORMAT = dwarf;
				ENABLE_STRICT_OBJC_MSGSEND = YES;
				ENABLE_TESTABILITY = YES;
				GCC_C_LANGUAGE_STANDARD = gnu11;
				GCC_DYNAMIC_NO_PIC = NO;
				GCC_NO_COMMON_BLOCKS = YES;
				GCC_OPTIMIZATION_LEVEL = 0;
				GCC_PREPROCESSOR_DEFINITIONS = (
					"DEBUG=1",
					"$(inherited)",
				);
				GCC_WARN_64_TO_32_BIT_CONVERSION = YES;
				GCC_WARN_ABOUT_RETURN_TYPE = YES_ERROR;
				GCC_WARN_UNDECLARED_SELECTOR = YES;
				GCC_WARN_UNINITIALIZED_AUTOS = YES_AGGRESSIVE;
				GCC_WARN_UNUSED_FUNCTION = YES;
				GCC_WARN_UNUSED_VARIABLE = YES;
				IPHONEOS_DEPLOYMENT_TARGET = 14.5;
				MTL_ENABLE_DEBUG_INFO = INCLUDE_SOURCE;
				MTL_FAST_MATH = YES;
				ONLY_ACTIVE_ARCH = YES;
				SDKROOT = iphoneos;
				SWIFT_ACTIVE_COMPILATION_CONDITIONS = DEBUG;
				SWIFT_OPTIMIZATION_LEVEL = "-Onone";
			};
			name = Debug;
		};
		6FAEBA3F26D49064001C962D /* Release */ = {
			isa = XCBuildConfiguration;
			buildSettings = {
				ALWAYS_SEARCH_USER_PATHS = NO;
				CLANG_ANALYZER_NONNULL = YES;
				CLANG_ANALYZER_NUMBER_OBJECT_CONVERSION = YES_AGGRESSIVE;
				CLANG_CXX_LANGUAGE_STANDARD = "gnu++14";
				CLANG_CXX_LIBRARY = "libc++";
				CLANG_ENABLE_MODULES = YES;
				CLANG_ENABLE_OBJC_ARC = YES;
				CLANG_ENABLE_OBJC_WEAK = YES;
				CLANG_WARN_BLOCK_CAPTURE_AUTORELEASING = YES;
				CLANG_WARN_BOOL_CONVERSION = YES;
				CLANG_WARN_COMMA = YES;
				CLANG_WARN_CONSTANT_CONVERSION = YES;
				CLANG_WARN_DEPRECATED_OBJC_IMPLEMENTATIONS = YES;
				CLANG_WARN_DIRECT_OBJC_ISA_USAGE = YES_ERROR;
				CLANG_WARN_DOCUMENTATION_COMMENTS = YES;
				CLANG_WARN_EMPTY_BODY = YES;
				CLANG_WARN_ENUM_CONVERSION = YES;
				CLANG_WARN_INFINITE_RECURSION = YES;
				CLANG_WARN_INT_CONVERSION = YES;
				CLANG_WARN_NON_LITERAL_NULL_CONVERSION = YES;
				CLANG_WARN_OBJC_IMPLICIT_RETAIN_SELF = YES;
				CLANG_WARN_OBJC_LITERAL_CONVERSION = YES;
				CLANG_WARN_OBJC_ROOT_CLASS = YES_ERROR;
				CLANG_WARN_QUOTED_INCLUDE_IN_FRAMEWORK_HEADER = YES;
				CLANG_WARN_RANGE_LOOP_ANALYSIS = YES;
				CLANG_WARN_STRICT_PROTOTYPES = YES;
				CLANG_WARN_SUSPICIOUS_MOVE = YES;
				CLANG_WARN_UNGUARDED_AVAILABILITY = YES_AGGRESSIVE;
				CLANG_WARN_UNREACHABLE_CODE = YES;
				CLANG_WARN__DUPLICATE_METHOD_MATCH = YES;
				COPY_PHASE_STRIP = NO;
				DEBUG_INFORMATION_FORMAT = "dwarf-with-dsym";
				ENABLE_NS_ASSERTIONS = NO;
				ENABLE_STRICT_OBJC_MSGSEND = YES;
				GCC_C_LANGUAGE_STANDARD = gnu11;
				GCC_NO_COMMON_BLOCKS = YES;
				GCC_WARN_64_TO_32_BIT_CONVERSION = YES;
				GCC_WARN_ABOUT_RETURN_TYPE = YES_ERROR;
				GCC_WARN_UNDECLARED_SELECTOR = YES;
				GCC_WARN_UNINITIALIZED_AUTOS = YES_AGGRESSIVE;
				GCC_WARN_UNUSED_FUNCTION = YES;
				GCC_WARN_UNUSED_VARIABLE = YES;
				IPHONEOS_DEPLOYMENT_TARGET = 14.5;
				MTL_ENABLE_DEBUG_INFO = NO;
				MTL_FAST_MATH = YES;
				SDKROOT = iphoneos;
				SWIFT_COMPILATION_MODE = wholemodule;
				SWIFT_OPTIMIZATION_LEVEL = "-O";
				VALIDATE_PRODUCT = YES;
			};
			name = Release;
		};
		6FAEBA4126D49064001C962D /* Debug */ = {
			isa = XCBuildConfiguration;
			baseConfigurationReference = 7405CD1F32DE5B2C92025CD5 /* Pods-ITNewsMatome.debug.xcconfig */;
			buildSettings = {
				ASSETCATALOG_COMPILER_APPICON_NAME = AppIcon;
				ASSETCATALOG_COMPILER_GLOBAL_ACCENT_COLOR_NAME = AccentColor;
				CODE_SIGN_STYLE = Automatic;
				DEVELOPMENT_TEAM = HW79DC9TGF;
				INFOPLIST_FILE = ITNewsMatome/Info.plist;
				LD_RUNPATH_SEARCH_PATHS = (
					"$(inherited)",
					"@executable_path/Frameworks",
				);
				PRODUCT_BUNDLE_IDENTIFIER = com.fijiirin.ITNewsMatome;
				PRODUCT_NAME = "$(TARGET_NAME)";
				SWIFT_VERSION = 5.0;
				TARGETED_DEVICE_FAMILY = 1;
			};
			name = Debug;
		};
		6FAEBA4226D49064001C962D /* Release */ = {
			isa = XCBuildConfiguration;
			baseConfigurationReference = 2E1C16EC29C102C924D28FF2 /* Pods-ITNewsMatome.release.xcconfig */;
			buildSettings = {
				ASSETCATALOG_COMPILER_APPICON_NAME = AppIcon;
				ASSETCATALOG_COMPILER_GLOBAL_ACCENT_COLOR_NAME = AccentColor;
				CODE_SIGN_STYLE = Automatic;
				DEVELOPMENT_TEAM = HW79DC9TGF;
				INFOPLIST_FILE = ITNewsMatome/Info.plist;
				LD_RUNPATH_SEARCH_PATHS = (
					"$(inherited)",
					"@executable_path/Frameworks",
				);
				PRODUCT_BUNDLE_IDENTIFIER = com.fijiirin.ITNewsMatome;
				PRODUCT_NAME = "$(TARGET_NAME)";
				SWIFT_VERSION = 5.0;
				TARGETED_DEVICE_FAMILY = 1;
			};
			name = Release;
		};
/* End XCBuildConfiguration section */

/* Begin XCConfigurationList section */
		6FAEBA2726D4905E001C962D /* Build configuration list for PBXProject "ITNewsMatome" */ = {
			isa = XCConfigurationList;
			buildConfigurations = (
				6FAEBA3E26D49064001C962D /* Debug */,
				6FAEBA3F26D49064001C962D /* Release */,
			);
			defaultConfigurationIsVisible = 0;
			defaultConfigurationName = Release;
		};
		6FAEBA4026D49064001C962D /* Build configuration list for PBXNativeTarget "ITNewsMatome" */ = {
			isa = XCConfigurationList;
			buildConfigurations = (
				6FAEBA4126D49064001C962D /* Debug */,
				6FAEBA4226D49064001C962D /* Release */,
			);
			defaultConfigurationIsVisible = 0;
			defaultConfigurationName = Release;
		};
/* End XCConfigurationList section */
	};
	rootObject = 6FAEBA2426D4905E001C962D /* Project object */;
}
